
Microsoft Visual Studio Solution File, Format Version 12.00
# Visual Studio 15
VisualStudioVersion = 15.0.27703.2000
MinimumVisualStudioVersion = 10.0.40219.1
Project("{F2A71F9B-5D33-465A-A702-920D77279786}") = "SampleFSharpEF.FSharp", "SampleFSharpEF.FSharp\SampleFSharpEF.FSharp.fsproj", "{D9CB769D-D6B1-444D-84EC-51C7F4F02B7E}"
EndProject
Project("{FAE04EC0-301F-11D3-BF4B-00C04F79EFBC}") = "SampleFSharpEF.CSharp", "SampleFSharpEF.CSharp\SampleFSharpEF.CSharp.csproj", "{057FDC83-C30A-4864-808D-C23544622611}"
EndProject
Project("{FAE04EC0-301F-11D3-BF4B-00C04F79EFBC}") = "SampleFSharpEF.Model", "SampleFSharpEF.Model\SampleFSharpEF.Model.csproj", "{DD7F3DC2-5B5A-42DF-8BE1-D6FA51D528F1}"
EndProject
Global
	GlobalSection(SolutionConfigurationPlatforms) = preSolution
		Debug|Any CPU = Debug|Any CPU
		Release|Any CPU = Release|Any CPU
	EndGlobalSection
	GlobalSection(ProjectConfigurationPlatforms) = postSolution
		{D9CB769D-D6B1-444D-84EC-51C7F4F02B7E}.Debug|Any CPU.ActiveCfg = Debug|Any CPU
		{D9CB769D-D6B1-444D-84EC-51C7F4F02B7E}.Debug|Any CPU.Build.0 = Debug|Any CPU
		{D9CB769D-D6B1-444D-84EC-51C7F4F02B7E}.Release|Any CPU.ActiveCfg = Release|Any CPU
		{D9CB769D-D6B1-444D-84EC-51C7F4F02B7E}.Release|Any CPU.Build.0 = Release|Any CPU
		{057FDC83-C30A-4864-808D-C23544622611}.Debug|Any CPU.ActiveCfg = Debug|Any CPU
		{057FDC83-C30A-4864-808D-C23544622611}.Debug|Any CPU.Build.0 = Debug|Any CPU
		{057FDC83-C30A-4864-808D-C23544622611}.Release|Any CPU.ActiveCfg = Release|Any CPU
		{057FDC83-C30A-4864-808D-C23544622611}.Release|Any CPU.Build.0 = Release|Any CPU
		{DD7F3DC2-5B5A-42DF-8BE1-D6FA51D528F1}.Debug|Any CPU.ActiveCfg = Debug|Any CPU
		{DD7F3DC2-5B5A-42DF-8BE1-D6FA51D528F1}.Debug|Any CPU.Build.0 = Debug|Any CPU
		{DD7F3DC2-5B5A-42DF-8BE1-D6FA51D528F1}.Release|Any CPU.ActiveCfg = Release|Any CPU
		{DD7F3DC2-5B5A-42DF-8BE1-D6FA51D528F1}.Release|Any CPU.Build.0 = Release|Any CPU
	EndGlobalSection
	GlobalSection(SolutionProperties) = preSolution
		HideSolutionNode = FALSE
	EndGlobalSection
	GlobalSection(ExtensibilityGlobals) = postSolution
		SolutionGuid = {F6808988-BA19-4F0E-83F0-981066A110C3}
	EndGlobalSection
EndGlobal
